// !$*UTF8*$!
{
	archiveVersion = 1;
	classes = {
	};
	objectVersion = 46;
	objects = {

/* Begin PBXBuildFile section */
		3EED6BA2E65C11E42BF138B4 /* Pods_Auto_Complete.framework in Frameworks */ = {isa = PBXBuildFile; fileRef = 16F190DBD4363044EC250614 /* Pods_Auto_Complete.framework */; };
		B550CA8D1DD6177D00230A4A /* AppDelegate.swift in Sources */ = {isa = PBXBuildFile; fileRef = B550CA8C1DD6177D00230A4A /* AppDelegate.swift */; };
		B550CA8F1DD6177D00230A4A /* ViewController.swift in Sources */ = {isa = PBXBuildFile; fileRef = B550CA8E1DD6177D00230A4A /* ViewController.swift */; };
		B550CA921DD6177D00230A4A /* Main.storyboard in Resources */ = {isa = PBXBuildFile; fileRef = B550CA901DD6177D00230A4A /* Main.storyboard */; };
		B550CA941DD6177D00230A4A /* Assets.xcassets in Resources */ = {isa = PBXBuildFile; fileRef = B550CA931DD6177D00230A4A /* Assets.xcassets */; };
		B550CA971DD6177D00230A4A /* LaunchScreen.storyboard in Resources */ = {isa = PBXBuildFile; fileRef = B550CA951DD6177D00230A4A /* LaunchScreen.storyboard */; };
/* End PBXBuildFile section */

/* Begin PBXFileReference section */
		16F190DBD4363044EC250614 /* Pods_Auto_Complete.framework */ = {isa = PBXFileReference; explicitFileType = wrapper.framework; includeInIndex = 0; path = Pods_Auto_Complete.framework; sourceTree = BUILT_PRODUCTS_DIR; };
		B550CA891DD6177D00230A4A /* Auto Complete.app */ = {isa = PBXFileReference; explicitFileType = wrapper.application; includeInIndex = 0; path = "Auto Complete.app"; sourceTree = BUILT_PRODUCTS_DIR; };
		B550CA8C1DD6177D00230A4A /* AppDelegate.swift */ = {isa = PBXFileReference; lastKnownFileType = sourcecode.swift; path = AppDelegate.swift; sourceTree = "<group>"; };
		B550CA8E1DD6177D00230A4A /* ViewController.swift */ = {isa = PBXFileReference; lastKnownFileType = sourcecode.swift; path = ViewController.swift; sourceTree = "<group>"; };
		B550CA911DD6177D00230A4A /* Base */ = {isa = PBXFileReference; lastKnownFileType = file.storyboard; name = Base; path = Base.lproj/Main.storyboard; sourceTree = "<group>"; };
		B550CA931DD6177D00230A4A /* Assets.xcassets */ = {isa = PBXFileReference; lastKnownFileType = folder.assetcatalog; path = Assets.xcassets; sourceTree = "<group>"; };
		B550CA961DD6177D00230A4A /* Base */ = {isa = PBXFileReference; lastKnownFileType = file.storyboard; name = Base; path = Base.lproj/LaunchScreen.storyboard; sourceTree = "<group>"; };
		B550CA981DD6177D00230A4A /* Info.plist */ = {isa = PBXFileReference; lastKnownFileType = text.plist.xml; path = Info.plist; sourceTree = "<group>"; };
		BDAED14F7917C78610E8322B /* Pods-Auto Complete.debug.xcconfig */ = {isa = PBXFileReference; includeInIndex = 1; lastKnownFileType = text.xcconfig; name = "Pods-Auto Complete.debug.xcconfig"; path = "Pods/Target Support Files/Pods-Auto Complete/Pods-Auto Complete.debug.xcconfig"; sourceTree = "<group>"; };
		DC49AEA732EF93C830E5A59A /* Pods-Auto Complete.release.xcconfig */ = {isa = PBXFileReference; includeInIndex = 1; lastKnownFileType = text.xcconfig; name = "Pods-Auto Complete.release.xcconfig"; path = "Pods/Target Support Files/Pods-Auto Complete/Pods-Auto Complete.release.xcconfig"; sourceTree = "<group>"; };
/* End PBXFileReference section */

/* Begin PBXFrameworksBuildPhase section */
		B550CA861DD6177C00230A4A /* Frameworks */ = {
			isa = PBXFrameworksBuildPhase;
			buildActionMask = 2147483647;
			files = (
				3EED6BA2E65C11E42BF138B4 /* Pods_Auto_Complete.framework in Frameworks */,
			);
			runOnlyForDeploymentPostprocessing = 0;
		};
/* End PBXFrameworksBuildPhase section */

/* Begin PBXGroup section */
		0DA2ADA4B697D402301FA4EE /* Frameworks */ = {
			isa = PBXGroup;
			children = (
				16F190DBD4363044EC250614 /* Pods_Auto_Complete.framework */,
			);
			name = Frameworks;
			sourceTree = "<group>";
		};
		3518746546BFD79394774D74 /* Pods */ = {
			isa = PBXGroup;
			children = (
				BDAED14F7917C78610E8322B /* Pods-Auto Complete.debug.xcconfig */,
				DC49AEA732EF93C830E5A59A /* Pods-Auto Complete.release.xcconfig */,
			);
			name = Pods;
			sourceTree = "<group>";
		};
		B550CA801DD6177C00230A4A = {
			isa = PBXGroup;
			children = (
				B550CA8B1DD6177D00230A4A /* Auto Complete */,
				B550CA8A1DD6177D00230A4A /* Products */,
				3518746546BFD79394774D74 /* Pods */,
				0DA2ADA4B697D402301FA4EE /* Frameworks */,
			);
			sourceTree = "<group>";
		};
		B550CA8A1DD6177D00230A4A /* Products */ = {
			isa = PBXGroup;
			children = (
				B550CA891DD6177D00230A4A /* Auto Complete.app */,
			);
			name = Products;
			sourceTree = "<group>";
		};
		B550CA8B1DD6177D00230A4A /* Auto Complete */ = {
			isa = PBXGroup;
			children = (
				B550CA8C1DD6177D00230A4A /* AppDelegate.swift */,
				B550CA8E1DD6177D00230A4A /* ViewController.swift */,
				B550CA901DD6177D00230A4A /* Main.storyboard */,
				B550CA931DD6177D00230A4A /* Assets.xcassets */,
				B550CA951DD6177D00230A4A /* LaunchScreen.storyboard */,
				B550CA981DD6177D00230A4A /* Info.plist */,
			);
			path = "Auto Complete";
			sourceTree = "<group>";
		};
/* End PBXGroup section */

/* Begin PBXNativeTarget section */
		B550CA881DD6177C00230A4A /* Auto Complete */ = {
			isa = PBXNativeTarget;
			buildConfigurationList = B550CA9B1DD6177D00230A4A /* Build configuration list for PBXNativeTarget "Auto Complete" */;
			buildPhases = (
				15F20EDC56AF26A2D46298EA /* [CP] Check Pods Manifest.lock */,
				B550CA851DD6177C00230A4A /* Sources */,
				B550CA861DD6177C00230A4A /* Frameworks */,
				B550CA871DD6177C00230A4A /* Resources */,
				C1A7F9433D75439E2DDC12C1 /* [CP] Embed Pods Frameworks */,
				7FF155AF8D088B197560167D /* [CP] Copy Pods Resources */,
			);
			buildRules = (
			);
			dependencies = (
			);
			name = "Auto Complete";
			productName = "Auto Complete";
			productReference = B550CA891DD6177D00230A4A /* Auto Complete.app */;
			productType = "com.apple.product-type.application";
		};
/* End PBXNativeTarget section */

/* Begin PBXProject section */
		B550CA811DD6177C00230A4A /* Project object */ = {
			isa = PBXProject;
			attributes = {
				LastSwiftUpdateCheck = 0810;
				LastUpgradeCheck = 0810;
				ORGANIZATIONNAME = balitax;
				TargetAttributes = {
					B550CA881DD6177C00230A4A = {
						CreatedOnToolsVersion = 8.1;
						ProvisioningStyle = Automatic;
					};
				};
			};
			buildConfigurationList = B550CA841DD6177C00230A4A /* Build configuration list for PBXProject "Auto Complete" */;
			compatibilityVersion = "Xcode 3.2";
			developmentRegion = English;
			hasScannedForEncodings = 0;
			knownRegions = (
				en,
				Base,
			);
			mainGroup = B550CA801DD6177C00230A4A;
			productRefGroup = B550CA8A1DD6177D00230A4A /* Products */;
			projectDirPath = "";
			projectRoot = "";
			targets = (
				B550CA881DD6177C00230A4A /* Auto Complete */,
			);
		};
/* End PBXProject section */

/* Begin PBXResourcesBuildPhase section */
		B550CA871DD6177C00230A4A /* Resources */ = {
			isa = PBXResourcesBuildPhase;
			buildActionMask = 2147483647;
			files = (
				B550CA971DD6177D00230A4A /* LaunchScreen.storyboard in Resources */,
				B550CA941DD6177D00230A4A /* Assets.xcassets in Resources */,
				B550CA921DD6177D00230A4A /* Main.storyboard in Resources */,
			);
			runOnlyForDeploymentPostprocessing = 0;
		};
/* End PBXResourcesBuildPhase section */

/* Begin PBXShellScriptBuildPhase section */
		15F20EDC56AF26A2D46298EA /* [CP] Check Pods Manifest.lock */ = {
			isa = PBXShellScriptBuildPhase;
			buildActionMask = 2147483647;
			files = (
			);
			inputPaths = (
			);
			name = "[CP] Check Pods Manifest.lock";
			outputPaths = (
			);
			runOnlyForDeploymentPostprocessing = 0;
			shellPath = /bin/sh;
			shellScript = "diff \"${PODS_ROOT}/../Podfile.lock\" \"${PODS_ROOT}/Manifest.lock\" > /dev/null\nif [ $? != 0 ] ; then\n    # print error to STDERR\n    echo \"error: The sandbox is not in sync with the Podfile.lock. Run 'pod install' or update your CocoaPods installation.\" >&2\n    exit 1\nfi\n";
			showEnvVarsInLog = 0;
		};
		7FF155AF8D088B197560167D /* [CP] Copy Pods Resources */ = {
			isa = PBXShellScriptBuildPhase;
			buildActionMask = 2147483647;
			files = (
			);
			inputPaths = (
			);
			name = "[CP] Copy Pods Resources";
			outputPaths = (
			);
			runOnlyForDeploymentPostprocessing = 0;
			shellPath = /bin/sh;
			shellScript = "\"${SRCROOT}/Pods/Target Support Files/Pods-Auto Complete/Pods-Auto Complete-resources.sh\"\n";
			showEnvVarsInLog = 0;
		};
		C1A7F9433D75439E2DDC12C1 /* [CP] Embed Pods Frameworks */ = {
			isa = PBXShellScriptBuildPhase;
			buildActionMask = 2147483647;
			files = (
			);
			inputPaths = (
			);
			name = "[CP] Embed Pods Frameworks";
			outputPaths = (
			);
			runOnlyForDeploymentPostprocessing = 0;
			shellPath = /bin/sh;
			shellScript = "\"${SRCROOT}/Pods/Target Support Files/Pods-Auto Complete/Pods-Auto Complete-frameworks.sh\"\n";
			showEnvVarsInLog = 0;
		};
/* End PBXShellScriptBuildPhase section */

/* Begin PBXSourcesBuildPhase section */
		B550CA851DD6177C00230A4A /* Sources */ = {
			isa = PBXSourcesBuildPhase;
			buildActionMask = 2147483647;
			files = (
				B550CA8F1DD6177D00230A4A /* ViewController.swift in Sources */,
				B550CA8D1DD6177D00230A4A /* AppDelegate.swift in Sources */,
			);
			runOnlyForDeploymentPostprocessing = 0;
		};
/* End PBXSourcesBuildPhase section */

/* Begin PBXVariantGroup section */
		B550CA901DD6177D00230A4A /* Main.storyboard */ = {
			isa = PBXVariantGroup;
			children = (
				B550CA911DD6177D00230A4A /* Base */,
			);
			name = Main.storyboard;
			sourceTree = "<group>";
		};
		B550CA951DD6177D00230A4A /* LaunchScreen.storyboard */ = {
			isa = PBXVariantGroup;
			children = (
				B550CA961DD6177D00230A4A /* Base */,
			);
			name = LaunchScreen.storyboard;
			sourceTree = "<group>";
		};
/* End PBXVariantGroup section */

/* Begin XCBuildConfiguration section */
		B550CA991DD6177D00230A4A /* Debug */ = {
			isa = XCBuildConfiguration;
			buildSettings = {
				ALWAYS_SEARCH_USER_PATHS = NO;
				CLANG_ANALYZER_NONNULL = YES;
				CLANG_CXX_LANGUAGE_STANDARD = "gnu++0x";
				CLANG_CXX_LIBRARY = "libc++";
				CLANG_ENABLE_MODULES = YES;
				CLANG_ENABLE_OBJC_ARC = YES;
				CLANG_WARN_BOOL_CONVERSION = YES;
				CLANG_WARN_CONSTANT_CONVERSION = YES;
				CLANG_WARN_DIRECT_OBJC_ISA_USAGE = YES_ERROR;
				CLANG_WARN_DOCUMENTATION_COMMENTS = YES;
				CLANG_WARN_EMPTY_BODY = YES;
				CLANG_WARN_ENUM_CONVERSION = YES;
				CLANG_WARN_INFINITE_RECURSION = YES;
				CLANG_WARN_INT_CONVERSION = YES;
				CLANG_WARN_OBJC_ROOT_CLASS = YES_ERROR;
				CLANG_WARN_SUSPICIOUS_MOVES = YES;
				CLANG_WARN_UNREACHABLE_CODE = YES;
				CLANG_WARN__DUPLICATE_METHOD_MATCH = YES;
				"CODE_SIGN_IDENTITY[sdk=iphoneos*]" = "iPhone Developer";
				COPY_PHASE_STRIP = NO;
				DEBUG_INFORMATION_FORMAT = dwarf;
				ENABLE_STRICT_OBJC_MSGSEND = YES;
				ENABLE_TESTABILITY = YES;
				GCC_C_LANGUAGE_STANDARD = gnu99;
				GCC_DYNAMIC_NO_PIC = NO;
				GCC_NO_COMMON_BLOCKS = YES;
				GCC_OPTIMIZATION_LEVEL = 0;
				GCC_PREPROCESSOR_DEFINITIONS = (
					"DEBUG=1",
					"$(inherited)",
				);
				GCC_WARN_64_TO_32_BIT_CONVERSION = YES;
				GCC_WARN_ABOUT_RETURN_TYPE = YES_ERROR;
				GCC_WARN_UNDECLARED_SELECTOR = YES;
				GCC_WARN_UNINITIALIZED_AUTOS = YES_AGGRESSIVE;
				GCC_WARN_UNUSED_FUNCTION = YES;
				GCC_WARN_UNUSED_VARIABLE = YES;
				IPHONEOS_DEPLOYMENT_TARGET = 10.1;
				MTL_ENABLE_DEBUG_INFO = YES;
				ONLY_ACTIVE_ARCH = YES;
				SDKROOT = iphoneos;
				SWIFT_ACTIVE_COMPILATION_CONDITIONS = DEBUG;
				SWIFT_OPTIMIZATION_LEVEL = "-Onone";
			};
			name = Debug;
		};
		B550CA9A1DD6177D00230A4A /* Release */ = {
			isa = XCBuildConfiguration;
			buildSettings = {
				ALWAYS_SEARCH_USER_PATHS = NO;
				CLANG_ANALYZER_NONNULL = YES;
				CLANG_CXX_LANGUAGE_STANDARD = "gnu++0x";
				CLANG_CXX_LIBRARY = "libc++";
				CLANG_ENABLE_MODULES = YES;
				CLANG_ENABLE_OBJC_ARC = YES;
				CLANG_WARN_BOOL_CONVERSION = YES;
				CLANG_WARN_CONSTANT_CONVERSION = YES;
				CLANG_WARN_DIRECT_OBJC_ISA_USAGE = YES_ERROR;
				CLANG_WARN_DOCUMENTATION_COMMENTS = YES;
				CLANG_WARN_EMPTY_BODY = YES;
				CLANG_WARN_ENUM_CONVERSION = YES;
				CLANG_WARN_INFINITE_RECURSION = YES;
				CLANG_WARN_INT_CONVERSION = YES;
				CLANG_WARN_OBJC_ROOT_CLASS = YES_ERROR;
				CLANG_WARN_SUSPICIOUS_MOVES = YES;
				CLANG_WARN_UNREACHABLE_CODE = YES;
				CLANG_WARN__DUPLICATE_METHOD_MATCH = YES;
				"CODE_SIGN_IDENTITY[sdk=iphoneos*]" = "iPhone Developer";
				COPY_PHASE_STRIP = NO;
				DEBUG_INFORMATION_FORMAT = "dwarf-with-dsym";
				ENABLE_NS_ASSERTIONS = NO;
				ENABLE_STRICT_OBJC_MSGSEND = YES;
				GCC_C_LANGUAGE_STANDARD = gnu99;
				GCC_NO_COMMON_BLOCKS = YES;
				GCC_WARN_64_TO_32_BIT_CONVERSION = YES;
				GCC_WARN_ABOUT_RETURN_TYPE = YES_ERROR;
				GCC_WARN_UNDECLARED_SELECTOR = YES;
				GCC_WARN_UNINITIALIZED_AUTOS = YES_AGGRESSIVE;
				GCC_WARN_UNUSED_FUNCTION = YES;
				GCC_WARN_UNUSED_VARIABLE = YES;
				IPHONEOS_DEPLOYMENT_TARGET = 10.1;
				MTL_ENABLE_DEBUG_INFO = NO;
				SDKROOT = iphoneos;
				SWIFT_OPTIMIZATION_LEVEL = "-Owholemodule";
				VALIDATE_PRODUCT = YES;
			};
			name = Release;
		};
		B550CA9C1DD6177D00230A4A /* Debug */ = {
			isa = XCBuildConfiguration;
			baseConfigurationReference = BDAED14F7917C78610E8322B /* Pods-Auto Complete.debug.xcconfig */;
			buildSettings = {
				ASSETCATALOG_COMPILER_APPICON_NAME = AppIcon;
				INFOPLIST_FILE = "Auto Complete/Info.plist";
				LD_RUNPATH_SEARCH_PATHS = "$(inherited) @executable_path/Frameworks";
				PRODUCT_BUNDLE_IDENTIFIER = "com.balitax.Auto-Complete";
				PRODUCT_NAME = "$(TARGET_NAME)";
				SWIFT_VERSION = 3.0;
			};
			name = Debug;
		};
		B550CA9D1DD6177D00230A4A /* Release */ = {
			isa = XCBuildConfiguration;
			baseConfigurationReference = DC49AEA732EF93C830E5A59A /* Pods-Auto Complete.release.xcconfig */;
			buildSettings = {
				ASSETCATALOG_COMPILER_APPICON_NAME = AppIcon;
				INFOPLIST_FILE = "Auto Complete/Info.plist";
				LD_RUNPATH_SEARCH_PATHS = "$(inherited) @executable_path/Frameworks";
				PRODUCT_BUNDLE_IDENTIFIER = "com.balitax.Auto-Complete";
				PRODUCT_NAME = "$(TARGET_NAME)";
				SWIFT_VERSION = 3.0;
			};
			name = Release;
		};
/* End XCBuildConfiguration section */

/* Begin XCConfigurationList section */
		B550CA841DD6177C00230A4A /* Build configuration list for PBXProject "Auto Complete" */ = {
			isa = XCConfigurationList;
			buildConfigurations = (
				B550CA991DD6177D00230A4A /* Debug */,
				B550CA9A1DD6177D00230A4A /* Release */,
			);
			defaultConfigurationIsVisible = 0;
			defaultConfigurationName = Release;
		};
		B550CA9B1DD6177D00230A4A /* Build configuration list for PBXNativeTarget "Auto Complete" */ = {
			isa = XCConfigurationList;
			buildConfigurations = (
				B550CA9C1DD6177D00230A4A /* Debug */,
				B550CA9D1DD6177D00230A4A /* Release */,
			);
			defaultConfigurationIsVisible = 0;
			defaultConfigurationName = Release;
		};
/* End XCConfigurationList section */
	};
	rootObject = B550CA811DD6177C00230A4A /* Project object */;
}
